// !$*UTF8*$!
{
	archiveVersion = 1;
	classes = {
	};
	objectVersion = 46;
	objects = {

/* Begin PBXBuildFile section */
		04F5181B1D659FEC00C573AA /* main.m in Sources */ = {isa = PBXBuildFile; fileRef = 04F5181A1D659FEC00C573AA /* main.m */; };
		04F5181E1D659FEC00C573AA /* AppDelegate.m in Sources */ = {isa = PBXBuildFile; fileRef = 04F5181D1D659FEC00C573AA /* AppDelegate.m */; };
		04F518261D659FEC00C573AA /* Assets.xcassets in Resources */ = {isa = PBXBuildFile; fileRef = 04F518251D659FEC00C573AA /* Assets.xcassets */; };
		04F518291D659FEC00C573AA /* LaunchScreen.storyboard in Resources */ = {isa = PBXBuildFile; fileRef = 04F518271D659FEC00C573AA /* LaunchScreen.storyboard */; };
		04F518341D659FEC00C573AA /* CustomViewTests.m in Sources */ = {isa = PBXBuildFile; fileRef = 04F518331D659FEC00C573AA /* CustomViewTests.m */; };
		04F5183F1D659FEC00C573AA /* CustomViewUITests.m in Sources */ = {isa = PBXBuildFile; fileRef = 04F5183E1D659FEC00C573AA /* CustomViewUITests.m */; };
		04F518551D65A06600C573AA /* ViewController.m in Sources */ = {isa = PBXBuildFile; fileRef = 04F518501D65A06600C573AA /* ViewController.m */; };
		04F518561D65A06600C573AA /* Main.storyboard in Resources */ = {isa = PBXBuildFile; fileRef = 04F518511D65A06600C573AA /* Main.storyboard */; };
		04F518571D65A06600C573AA /* FirstViewController.m in Sources */ = {isa = PBXBuildFile; fileRef = 04F518531D65A06600C573AA /* FirstViewController.m */; };
		04F518581D65A06600C573AA /* FirstViewController.xib in Resources */ = {isa = PBXBuildFile; fileRef = 04F518541D65A06600C573AA /* FirstViewController.xib */; };
		04F5185A1D65A0A400C573AA /* app.jpg in Resources */ = {isa = PBXBuildFile; fileRef = 04F518591D65A0A400C573AA /* app.jpg */; };
		04F5185E1D65A0EC00C573AA /* YBPhotoCutView.m in Sources */ = {isa = PBXBuildFile; fileRef = 04F5185D1D65A0EC00C573AA /* YBPhotoCutView.m */; };
/* End PBXBuildFile section */

/* Begin PBXContainerItemProxy section */
		04F518301D659FEC00C573AA /* PBXContainerItemProxy */ = {
			isa = PBXContainerItemProxy;
			containerPortal = 04F5180E1D659FEC00C573AA /* Project object */;
			proxyType = 1;
			remoteGlobalIDString = 04F518151D659FEC00C573AA;
			remoteInfo = CustomView;
		};
		04F5183B1D659FEC00C573AA /* PBXContainerItemProxy */ = {
			isa = PBXContainerItemProxy;
			containerPortal = 04F5180E1D659FEC00C573AA /* Project object */;
			proxyType = 1;
			remoteGlobalIDString = 04F518151D659FEC00C573AA;
			remoteInfo = CustomView;
		};
/* End PBXContainerItemProxy section */

/* Begin PBXFileReference section */
		04F518161D659FEC00C573AA /* CustomView.app */ = {isa = PBXFileReference; explicitFileType = wrapper.application; includeInIndex = 0; path = CustomView.app; sourceTree = BUILT_PRODUCTS_DIR; };
		04F5181A1D659FEC00C573AA /* main.m */ = {isa = PBXFileReference; lastKnownFileType = sourcecode.c.objc; path = main.m; sourceTree = "<group>"; };
		04F5181C1D659FEC00C573AA /* AppDelegate.h */ = {isa = PBXFileReference; lastKnownFileType = sourcecode.c.h; path = AppDelegate.h; sourceTree = "<group>"; };
		04F5181D1D659FEC00C573AA /* AppDelegate.m */ = {isa = PBXFileReference; lastKnownFileType = sourcecode.c.objc; path = AppDelegate.m; sourceTree = "<group>"; };
		04F518251D659FEC00C573AA /* Assets.xcassets */ = {isa = PBXFileReference; lastKnownFileType = folder.assetcatalog; path = Assets.xcassets; sourceTree = "<group>"; };
		04F518281D659FEC00C573AA /* Base */ = {isa = PBXFileReference; lastKnownFileType = file.storyboard; name = Base; path = Base.lproj/LaunchScreen.storyboard; sourceTree = "<group>"; };
		04F5182A1D659FEC00C573AA /* Info.plist */ = {isa = PBXFileReference; lastKnownFileType = text.plist.xml; path = Info.plist; sourceTree = "<group>"; };
		04F5182F1D659FEC00C573AA /* CustomViewTests.xctest */ = {isa = PBXFileReference; explicitFileType = wrapper.cfbundle; includeInIndex = 0; path = CustomViewTests.xctest; sourceTree = BUILT_PRODUCTS_DIR; };
		04F518331D659FEC00C573AA /* CustomViewTests.m */ = {isa = PBXFileReference; lastKnownFileType = sourcecode.c.objc; path = CustomViewTests.m; sourceTree = "<group>"; };
		04F518351D659FEC00C573AA /* Info.plist */ = {isa = PBXFileReference; lastKnownFileType = text.plist.xml; path = Info.plist; sourceTree = "<group>"; };
		04F5183A1D659FEC00C573AA /* CustomViewUITests.xctest */ = {isa = PBXFileReference; explicitFileType = wrapper.cfbundle; includeInIndex = 0; path = CustomViewUITests.xctest; sourceTree = BUILT_PRODUCTS_DIR; };
		04F5183E1D659FEC00C573AA /* CustomViewUITests.m */ = {isa = PBXFileReference; lastKnownFileType = sourcecode.c.objc; path = CustomViewUITests.m; sourceTree = "<group>"; };
		04F518401D659FEC00C573AA /* Info.plist */ = {isa = PBXFileReference; lastKnownFileType = text.plist.xml; path = Info.plist; sourceTree = "<group>"; };
		04F5184F1D65A06600C573AA /* ViewController.h */ = {isa = PBXFileReference; fileEncoding = 4; lastKnownFileType = sourcecode.c.h; path = ViewController.h; sourceTree = "<group>"; };
		04F518501D65A06600C573AA /* ViewController.m */ = {isa = PBXFileReference; fileEncoding = 4; lastKnownFileType = sourcecode.c.objc; path = ViewController.m; sourceTree = "<group>"; };
		04F518511D65A06600C573AA /* Main.storyboard */ = {isa = PBXFileReference; fileEncoding = 4; lastKnownFileType = file.storyboard; path = Main.storyboard; sourceTree = "<group>"; };
		04F518521D65A06600C573AA /* FirstViewController.h */ = {isa = PBXFileReference; fileEncoding = 4; lastKnownFileType = sourcecode.c.h; path = FirstViewController.h; sourceTree = "<group>"; };
		04F518531D65A06600C573AA /* FirstViewController.m */ = {isa = PBXFileReference; fileEncoding = 4; lastKnownFileType = sourcecode.c.objc; path = FirstViewController.m; sourceTree = "<group>"; };
		04F518541D65A06600C573AA /* FirstViewController.xib */ = {isa = PBXFileReference; fileEncoding = 4; lastKnownFileType = file.xib; path = FirstViewController.xib; sourceTree = "<group>"; };
		04F518591D65A0A400C573AA /* app.jpg */ = {isa = PBXFileReference; lastKnownFileType = image.jpeg; path = app.jpg; sourceTree = "<group>"; };
		04F5185C1D65A0EC00C573AA /* YBPhotoCutView.h */ = {isa = PBXFileReference; fileEncoding = 4; lastKnownFileType = sourcecode.c.h; path = YBPhotoCutView.h; sourceTree = "<group>"; };
		04F5185D1D65A0EC00C573AA /* YBPhotoCutView.m */ = {isa = PBXFileReference; fileEncoding = 4; lastKnownFileType = sourcecode.c.objc; path = YBPhotoCutView.m; sourceTree = "<group>"; };
/* End PBXFileReference section */

/* Begin PBXFrameworksBuildPhase section */
		04F518131D659FEC00C573AA /* Frameworks */ = {
			isa = PBXFrameworksBuildPhase;
			buildActionMask = 2147483647;
			files = (
			);
			runOnlyForDeploymentPostprocessing = 0;
		};
		04F5182C1D659FEC00C573AA /* Frameworks */ = {
			isa = PBXFrameworksBuildPhase;
			buildActionMask = 2147483647;
			files = (
			);
			runOnlyForDeploymentPostprocessing = 0;
		};
		04F518371D659FEC00C573AA /* Frameworks */ = {
			isa = PBXFrameworksBuildPhase;
			buildActionMask = 2147483647;
			files = (
			);
			runOnlyForDeploymentPostprocessing = 0;
		};
/* End PBXFrameworksBuildPhase section */

/* Begin PBXGroup section */
		04F5180D1D659FEC00C573AA = {
			isa = PBXGroup;
			children = (
				04F518181D659FEC00C573AA /* CustomView */,
				04F518321D659FEC00C573AA /* CustomViewTests */,
				04F5183D1D659FEC00C573AA /* CustomViewUITests */,
				04F518171D659FEC00C573AA /* Products */,
			);
			sourceTree = "<group>";
		};
		04F518171D659FEC00C573AA /* Products */ = {
			isa = PBXGroup;
			children = (
				04F518161D659FEC00C573AA /* CustomView.app */,
				04F5182F1D659FEC00C573AA /* CustomViewTests.xctest */,
				04F5183A1D659FEC00C573AA /* CustomViewUITests.xctest */,
			);
			name = Products;
			sourceTree = "<group>";
		};
		04F518181D659FEC00C573AA /* CustomView */ = {
			isa = PBXGroup;
			children = (
				04F5185B1D65A0CE00C573AA /* YBPhotoCutView */,
				04F5181C1D659FEC00C573AA /* AppDelegate.h */,
				04F5181D1D659FEC00C573AA /* AppDelegate.m */,
				04F5184F1D65A06600C573AA /* ViewController.h */,
				04F518501D65A06600C573AA /* ViewController.m */,
				04F518511D65A06600C573AA /* Main.storyboard */,
				04F518521D65A06600C573AA /* FirstViewController.h */,
				04F518531D65A06600C573AA /* FirstViewController.m */,
				04F518541D65A06600C573AA /* FirstViewController.xib */,
				04F518251D659FEC00C573AA /* Assets.xcassets */,
				04F518271D659FEC00C573AA /* LaunchScreen.storyboard */,
				04F5182A1D659FEC00C573AA /* Info.plist */,
				04F518591D65A0A400C573AA /* app.jpg */,
				04F518191D659FEC00C573AA /* Supporting Files */,
			);
			path = CustomView;
			sourceTree = "<group>";
		};
		04F518191D659FEC00C573AA /* Supporting Files */ = {
			isa = PBXGroup;
			children = (
				04F5181A1D659FEC00C573AA /* main.m */,
			);
			name = "Supporting Files";
			sourceTree = "<group>";
		};
		04F518321D659FEC00C573AA /* CustomViewTests */ = {
			isa = PBXGroup;
			children = (
				04F518331D659FEC00C573AA /* CustomViewTests.m */,
				04F518351D659FEC00C573AA /* Info.plist */,
			);
			path = CustomViewTests;
			sourceTree = "<group>";
		};
		04F5183D1D659FEC00C573AA /* CustomViewUITests */ = {
			isa = PBXGroup;
			children = (
				04F5183E1D659FEC00C573AA /* CustomViewUITests.m */,
				04F518401D659FEC00C573AA /* Info.plist */,
			);
			path = CustomViewUITests;
			sourceTree = "<group>";
		};
		04F5185B1D65A0CE00C573AA /* YBPhotoCutView */ = {
			isa = PBXGroup;
			children = (
				04F5185C1D65A0EC00C573AA /* YBPhotoCutView.h */,
				04F5185D1D65A0EC00C573AA /* YBPhotoCutView.m */,
			);
			path = YBPhotoCutView;
			sourceTree = "<group>";
		};
/* End PBXGroup section */

/* Begin PBXNativeTarget section */
		04F518151D659FEC00C573AA /* CustomView */ = {
			isa = PBXNativeTarget;
			buildConfigurationList = 04F518431D659FEC00C573AA /* Build configuration list for PBXNativeTarget "CustomView" */;
			buildPhases = (
				04F518121D659FEC00C573AA /* Sources */,
				04F518131D659FEC00C573AA /* Frameworks */,
				04F518141D659FEC00C573AA /* Resources */,
			);
			buildRules = (
			);
			dependencies = (
			);
			name = CustomView;
			productName = CustomView;
			productReference = 04F518161D659FEC00C573AA /* CustomView.app */;
			productType = "com.apple.product-type.application";
		};
		04F5182E1D659FEC00C573AA /* CustomViewTests */ = {
			isa = PBXNativeTarget;
			buildConfigurationList = 04F518461D659FEC00C573AA /* Build configuration list for PBXNativeTarget "CustomViewTests" */;
			buildPhases = (
				04F5182B1D659FEC00C573AA /* Sources */,
				04F5182C1D659FEC00C573AA /* Frameworks */,
				04F5182D1D659FEC00C573AA /* Resources */,
			);
			buildRules = (
			);
			dependencies = (
				04F518311D659FEC00C573AA /* PBXTargetDependency */,
			);
			name = CustomViewTests;
			productName = CustomViewTests;
			productReference = 04F5182F1D659FEC00C573AA /* CustomViewTests.xctest */;
			productType = "com.apple.product-type.bundle.unit-test";
		};
		04F518391D659FEC00C573AA /* CustomViewUITests */ = {
			isa = PBXNativeTarget;
			buildConfigurationList = 04F518491D659FEC00C573AA /* Build configuration list for PBXNativeTarget "CustomViewUITests" */;
			buildPhases = (
				04F518361D659FEC00C573AA /* Sources */,
				04F518371D659FEC00C573AA /* Frameworks */,
				04F518381D659FEC00C573AA /* Resources */,
			);
			buildRules = (
			);
			dependencies = (
				04F5183C1D659FEC00C573AA /* PBXTargetDependency */,
			);
			name = CustomViewUITests;
			productName = CustomViewUITests;
			productReference = 04F5183A1D659FEC00C573AA /* CustomViewUITests.xctest */;
			productType = "com.apple.product-type.bundle.ui-testing";
		};
/* End PBXNativeTarget section */

/* Begin PBXProject section */
		04F5180E1D659FEC00C573AA /* Project object */ = {
			isa = PBXProject;
			attributes = {
				LastUpgradeCheck = 0730;
				ORGANIZATIONNAME = JYB;
				TargetAttributes = {
					04F518151D659FEC00C573AA = {
						CreatedOnToolsVersion = 7.3.1;
					};
					04F5182E1D659FEC00C573AA = {
						CreatedOnToolsVersion = 7.3.1;
						TestTargetID = 04F518151D659FEC00C573AA;
					};
					04F518391D659FEC00C573AA = {
						CreatedOnToolsVersion = 7.3.1;
						TestTargetID = 04F518151D659FEC00C573AA;
					};
				};
			};
			buildConfigurationList = 04F518111D659FEC00C573AA /* Build configuration list for PBXProject "CustomView" */;
			compatibilityVersion = "Xcode 3.2";
			developmentRegion = English;
			hasScannedForEncodings = 0;
			knownRegions = (
				en,
				Base,
			);
			mainGroup = 04F5180D1D659FEC00C573AA;
			productRefGroup = 04F518171D659FEC00C573AA /* Products */;
			projectDirPath = "";
			projectRoot = "";
			targets = (
				04F518151D659FEC00C573AA /* CustomView */,
				04F5182E1D659FEC00C573AA /* CustomViewTests */,
				04F518391D659FEC00C573AA /* CustomViewUITests */,
			);
		};
/* End PBXProject section */

/* Begin PBXResourcesBuildPhase section */
		04F518141D659FEC00C573AA /* Resources */ = {
			isa = PBXResourcesBuildPhase;
			buildActionMask = 2147483647;
			files = (
				04F518561D65A06600C573AA /* Main.storyboard in Resources */,
				04F518291D659FEC00C573AA /* LaunchScreen.storyboard in Resources */,
				04F5185A1D65A0A400C573AA /* app.jpg in Resources */,
				04F518261D659FEC00C573AA /* Assets.xcassets in Resources */,
				04F518581D65A06600C573AA /* FirstViewController.xib in Resources */,
			);
			runOnlyForDeploymentPostprocessing = 0;
		};
		04F5182D1D659FEC00C573AA /* Resources */ = {
			isa = PBXResourcesBuildPhase;
			buildActionMask = 2147483647;
			files = (
			);
			runOnlyForDeploymentPostprocessing = 0;
		};
		04F518381D659FEC00C573AA /* Resources */ = {
			isa = PBXResourcesBuildPhase;
			buildActionMask = 2147483647;
			files = (
			);
			runOnlyForDeploymentPostprocessing = 0;
		};
/* End PBXResourcesBuildPhase section */

/* Begin PBXSourcesBuildPhase section */
		04F518121D659FEC00C573AA /* Sources */ = {
			isa = PBXSourcesBuildPhase;
			buildActionMask = 2147483647;
			files = (
				04F5181E1D659FEC00C573AA /* AppDelegate.m in Sources */,
				04F5181B1D659FEC00C573AA /* main.m in Sources */,
				04F518571D65A06600C573AA /* FirstViewController.m in Sources */,
				04F5185E1D65A0EC00C573AA /* YBPhotoCutView.m in Sources */,
				04F518551D65A06600C573AA /* ViewController.m in Sources */,
			);
			runOnlyForDeploymentPostprocessing = 0;
		};
		04F5182B1D659FEC00C573AA /* Sources */ = {
			isa = PBXSourcesBuildPhase;
			buildActionMask = 2147483647;
			files = (
				04F518341D659FEC00C573AA /* CustomViewTests.m in Sources */,
			);
			runOnlyForDeploymentPostprocessing = 0;
		};
		04F518361D659FEC00C573AA /* Sources */ = {
			isa = PBXSourcesBuildPhase;
			buildActionMask = 2147483647;
			files = (
				04F5183F1D659FEC00C573AA /* CustomViewUITests.m in Sources */,
			);
			runOnlyForDeploymentPostprocessing = 0;
		};
/* End PBXSourcesBuildPhase section */

/* Begin PBXTargetDependency section */
		04F518311D659FEC00C573AA /* PBXTargetDependency */ = {
			isa = PBXTargetDependency;
			target = 04F518151D659FEC00C573AA /* CustomView */;
			targetProxy = 04F518301D659FEC00C573AA /* PBXContainerItemProxy */;
		};
		04F5183C1D659FEC00C573AA /* PBXTargetDependency */ = {
			isa = PBXTargetDependency;
			target = 04F518151D659FEC00C573AA /* CustomView */;
			targetProxy = 04F5183B1D659FEC00C573AA /* PBXContainerItemProxy */;
		};
/* End PBXTargetDependency section */

/* Begin PBXVariantGroup section */
		04F518271D659FEC00C573AA /* LaunchScreen.storyboard */ = {
			isa = PBXVariantGroup;
			children = (
				04F518281D659FEC00C573AA /* Base */,
			);
			name = LaunchScreen.storyboard;
			sourceTree = "<group>";
		};
/* End PBXVariantGroup section */

/* Begin XCBuildConfiguration section */
		04F518411D659FEC00C573AA /* Debug */ = {
			isa = XCBuildConfiguration;
			buildSettings = {
				ALWAYS_SEARCH_USER_PATHS = NO;
				CLANG_ANALYZER_NONNULL = YES;
				CLANG_CXX_LANGUAGE_STANDARD = "gnu++0x";
				CLANG_CXX_LIBRARY = "libc++";
				CLANG_ENABLE_MODULES = YES;
				CLANG_ENABLE_OBJC_ARC = YES;
				CLANG_WARN_BOOL_CONVERSION = YES;
				CLANG_WARN_CONSTANT_CONVERSION = YES;
				CLANG_WARN_DIRECT_OBJC_ISA_USAGE = YES_ERROR;
				CLANG_WARN_EMPTY_BODY = YES;
				CLANG_WARN_ENUM_CONVERSION = YES;
				CLANG_WARN_INT_CONVERSION = YES;
				CLANG_WARN_OBJC_ROOT_CLASS = YES_ERROR;
				CLANG_WARN_UNREACHABLE_CODE = YES;
				CLANG_WARN__DUPLICATE_METHOD_MATCH = YES;
				"CODE_SIGN_IDENTITY[sdk=iphoneos*]" = "iPhone Developer";
				COPY_PHASE_STRIP = NO;
				DEBUG_INFORMATION_FORMAT = dwarf;
				ENABLE_STRICT_OBJC_MSGSEND = YES;
				ENABLE_TESTABILITY = YES;
				GCC_C_LANGUAGE_STANDARD = gnu99;
				GCC_DYNAMIC_NO_PIC = NO;
				GCC_NO_COMMON_BLOCKS = YES;
				GCC_OPTIMIZATION_LEVEL = 0;
				GCC_PREPROCESSOR_DEFINITIONS = (
					"DEBUG=1",
					"$(inherited)",
				);
				GCC_WARN_64_TO_32_BIT_CONVERSION = YES;
				GCC_WARN_ABOUT_RETURN_TYPE = YES_ERROR;
				GCC_WARN_UNDECLARED_SELECTOR = YES;
				GCC_WARN_UNINITIALIZED_AUTOS = YES_AGGRESSIVE;
				GCC_WARN_UNUSED_FUNCTION = YES;
				GCC_WARN_UNUSED_VARIABLE = YES;
				IPHONEOS_DEPLOYMENT_TARGET = 9.3;
				MTL_ENABLE_DEBUG_INFO = YES;
				ONLY_ACTIVE_ARCH = YES;
				SDKROOT = iphoneos;
			};
			name = Debug;
		};
		04F518421D659FEC00C573AA /* Release */ = {
			isa = XCBuildConfiguration;
			buildSettings = {
				ALWAYS_SEARCH_USER_PATHS = NO;
				CLANG_ANALYZER_NONNULL = YES;
				CLANG_CXX_LANGUAGE_STANDARD = "gnu++0x";
				CLANG_CXX_LIBRARY = "libc++";
				CLANG_ENABLE_MODULES = YES;
				CLANG_ENABLE_OBJC_ARC = YES;
				CLANG_WARN_BOOL_CONVERSION = YES;
				CLANG_WARN_CONSTANT_CONVERSION = YES;
				CLANG_WARN_DIRECT_OBJC_ISA_USAGE = YES_ERROR;
				CLANG_WARN_EMPTY_BODY = YES;
				CLANG_WARN_ENUM_CONVERSION = YES;
				CLANG_WARN_INT_CONVERSION = YES;
				CLANG_WARN_OBJC_ROOT_CLASS = YES_ERROR;
				CLANG_WARN_UNREACHABLE_CODE = YES;
				CLANG_WARN__DUPLICATE_METHOD_MATCH = YES;
				"CODE_SIGN_IDENTITY[sdk=iphoneos*]" = "iPhone Developer";
				COPY_PHASE_STRIP = NO;
				DEBUG_INFORMATION_FORMAT = "dwarf-with-dsym";
				ENABLE_NS_ASSERTIONS = NO;
				ENABLE_STRICT_OBJC_MSGSEND = YES;
				GCC_C_LANGUAGE_STANDARD = gnu99;
				GCC_NO_COMMON_BLOCKS = YES;
				GCC_WARN_64_TO_32_BIT_CONVERSION = YES;
				GCC_WARN_ABOUT_RETURN_TYPE = YES_ERROR;
				GCC_WARN_UNDECLARED_SELECTOR = YES;
				GCC_WARN_UNINITIALIZED_AUTOS = YES_AGGRESSIVE;
				GCC_WARN_UNUSED_FUNCTION = YES;
				GCC_WARN_UNUSED_VARIABLE = YES;
				IPHONEOS_DEPLOYMENT_TARGET = 9.3;
				MTL_ENABLE_DEBUG_INFO = NO;
				SDKROOT = iphoneos;
				VALIDATE_PRODUCT = YES;
			};
			name = Release;
		};
		04F518441D659FEC00C573AA /* Debug */ = {
			isa = XCBuildConfiguration;
			buildSettings = {
				ASSETCATALOG_COMPILER_APPICON_NAME = AppIcon;
				INFOPLIST_FILE = CustomView/Info.plist;
				LD_RUNPATH_SEARCH_PATHS = "$(inherited) @executable_path/Frameworks";
				PRODUCT_BUNDLE_IDENTIFIER = com.jyb.CustomView;
				PRODUCT_NAME = "$(TARGET_NAME)";
			};
			name = Debug;
		};
		04F518451D659FEC00C573AA /* Release */ = {
			isa = XCBuildConfiguration;
			buildSettings = {
				ASSETCATALOG_COMPILER_APPICON_NAME = AppIcon;
				INFOPLIST_FILE = CustomView/Info.plist;
				LD_RUNPATH_SEARCH_PATHS = "$(inherited) @executable_path/Frameworks";
				PRODUCT_BUNDLE_IDENTIFIER = com.jyb.CustomView;
				PRODUCT_NAME = "$(TARGET_NAME)";
			};
			name = Release;
		};
		04F518471D659FEC00C573AA /* Debug */ = {
			isa = XCBuildConfiguration;
			buildSettings = {
				BUNDLE_LOADER = "$(TEST_HOST)";
				INFOPLIST_FILE = CustomViewTests/Info.plist;
				LD_RUNPATH_SEARCH_PATHS = "$(inherited) @executable_path/Frameworks @loader_path/Frameworks";
				PRODUCT_BUNDLE_IDENTIFIER = com.jyb.CustomViewTests;
				PRODUCT_NAME = "$(TARGET_NAME)";
				TEST_HOST = "$(BUILT_PRODUCTS_DIR)/CustomView.app/CustomView";
			};
			name = Debug;
		};
		04F518481D659FEC00C573AA /* Release */ = {
			isa = XCBuildConfiguration;
			buildSettings = {
				BUNDLE_LOADER = "$(TEST_HOST)";
				INFOPLIST_FILE = CustomViewTests/Info.plist;
				LD_RUNPATH_SEARCH_PATHS = "$(inherited) @executable_path/Frameworks @loader_path/Frameworks";
				PRODUCT_BUNDLE_IDENTIFIER = com.jyb.CustomViewTests;
				PRODUCT_NAME = "$(TARGET_NAME)";
				TEST_HOST = "$(BUILT_PRODUCTS_DIR)/CustomView.app/CustomView";
			};
			name = Release;
		};
		04F5184A1D659FEC00C573AA /* Debug */ = {
			isa = XCBuildConfiguration;
			buildSettings = {
				INFOPLIST_FILE = CustomViewUITests/Info.plist;
				LD_RUNPATH_SEARCH_PATHS = "$(inherited) @executable_path/Frameworks @loader_path/Frameworks";
				PRODUCT_BUNDLE_IDENTIFIER = com.jyb.CustomViewUITests;
				PRODUCT_NAME = "$(TARGET_NAME)";
				TEST_TARGET_NAME = CustomView;
			};
			name = Debug;
		};
		04F5184B1D659FEC00C573AA /* Release */ = {
			isa = XCBuildConfiguration;
			buildSettings = {
				INFOPLIST_FILE = CustomViewUITests/Info.plist;
				LD_RUNPATH_SEARCH_PATHS = "$(inherited) @executable_path/Frameworks @loader_path/Frameworks";
				PRODUCT_BUNDLE_IDENTIFIER = com.jyb.CustomViewUITests;
				PRODUCT_NAME = "$(TARGET_NAME)";
				TEST_TARGET_NAME = CustomView;
			};
			name = Release;
		};
/* End XCBuildConfiguration section */

/* Begin XCConfigurationList section */
		04F518111D659FEC00C573AA /* Build configuration list for PBXProject "CustomView" */ = {
			isa = XCConfigurationList;
			buildConfigurations = (
				04F518411D659FEC00C573AA /* Debug */,
				04F518421D659FEC00C573AA /* Release */,
			);
			defaultConfigurationIsVisible = 0;
			defaultConfigurationName = Release;
		};
		04F518431D659FEC00C573AA /* Build configuration list for PBXNativeTarget "CustomView" */ = {
			isa = XCConfigurationList;
			buildConfigurations = (
				04F518441D659FEC00C573AA /* Debug */,
				04F518451D659FEC00C573AA /* Release */,
			);
			defaultConfigurationIsVisible = 0;
		};
		04F518461D659FEC00C573AA /* Build configuration list for PBXNativeTarget "CustomViewTests" */ = {
			isa = XCConfigurationList;
			buildConfigurations = (
				04F518471D659FEC00C573AA /* Debug */,
				04F518481D659FEC00C573AA /* Release */,
			);
			defaultConfigurationIsVisible = 0;
		};
		04F518491D659FEC00C573AA /* Build configuration list for PBXNativeTarget "CustomViewUITests" */ = {
			isa = XCConfigurationList;
			buildConfigurations = (
				04F5184A1D659FEC00C573AA /* Debug */,
				04F5184B1D659FEC00C573AA /* Release */,
			);
			defaultConfigurationIsVisible = 0;
		};
/* End XCConfigurationList section */
	};
	rootObject = 04F5180E1D659FEC00C573AA /* Project object */;
}
